// !$*UTF8*$!
{
	archiveVersion = 1;
	classes = {
	};
	objectVersion = 48;
	objects = {

/* Begin PBXBuildFile section */
		01069F371FC9B70B00DA9B98 /* Extensions.swift in Sources */ = {isa = PBXBuildFile; fileRef = 01069F361FC9B70B00DA9B98 /* Extensions.swift */; };
		01069F391FC9B84200DA9B98 /* Camera.swift in Sources */ = {isa = PBXBuildFile; fileRef = 01069F381FC9B84200DA9B98 /* Camera.swift */; };
		01069F3B1FC9BDC300DA9B98 /* MLManager.swift in Sources */ = {isa = PBXBuildFile; fileRef = 01069F3A1FC9BDC300DA9B98 /* MLManager.swift */; };
		01069F3E1FC9C0D000DA9B98 /* MobileNet.mlmodel in Sources */ = {isa = PBXBuildFile; fileRef = 01069F3D1FC9C0CF00DA9B98 /* MobileNet.mlmodel */; };
		012028001FC91C87000D50C2 /* AppDelegate.swift in Sources */ = {isa = PBXBuildFile; fileRef = 012027FF1FC91C87000D50C2 /* AppDelegate.swift */; };
		012028021FC91C87000D50C2 /* CameraController.swift in Sources */ = {isa = PBXBuildFile; fileRef = 012028011FC91C87000D50C2 /* CameraController.swift */; };
		012028081FC91C87000D50C2 /* DalHackathon2017.xcdatamodeld in Sources */ = {isa = PBXBuildFile; fileRef = 012028061FC91C87000D50C2 /* DalHackathon2017.xcdatamodeld */; };
		0120280A1FC91C87000D50C2 /* Assets.xcassets in Resources */ = {isa = PBXBuildFile; fileRef = 012028091FC91C87000D50C2 /* Assets.xcassets */; };
		0120280D1FC91C87000D50C2 /* LaunchScreen.storyboard in Resources */ = {isa = PBXBuildFile; fileRef = 0120280B1FC91C87000D50C2 /* LaunchScreen.storyboard */; };
		012028181FC91C87000D50C2 /* DalHackathon2017Tests.swift in Sources */ = {isa = PBXBuildFile; fileRef = 012028171FC91C87000D50C2 /* DalHackathon2017Tests.swift */; };
		012028231FC91C88000D50C2 /* DalHackathon2017UITests.swift in Sources */ = {isa = PBXBuildFile; fileRef = 012028221FC91C88000D50C2 /* DalHackathon2017UITests.swift */; };
/* End PBXBuildFile section */

/* Begin PBXContainerItemProxy section */
		012028141FC91C87000D50C2 /* PBXContainerItemProxy */ = {
			isa = PBXContainerItemProxy;
			containerPortal = 012027F41FC91C87000D50C2 /* Project object */;
			proxyType = 1;
			remoteGlobalIDString = 012027FB1FC91C87000D50C2;
			remoteInfo = DalHackathon2017;
		};
		0120281F1FC91C88000D50C2 /* PBXContainerItemProxy */ = {
			isa = PBXContainerItemProxy;
			containerPortal = 012027F41FC91C87000D50C2 /* Project object */;
			proxyType = 1;
			remoteGlobalIDString = 012027FB1FC91C87000D50C2;
			remoteInfo = DalHackathon2017;
		};
/* End PBXContainerItemProxy section */

/* Begin PBXFileReference section */
		01069F361FC9B70B00DA9B98 /* Extensions.swift */ = {isa = PBXFileReference; lastKnownFileType = sourcecode.swift; path = Extensions.swift; sourceTree = "<group>"; };
		01069F381FC9B84200DA9B98 /* Camera.swift */ = {isa = PBXFileReference; lastKnownFileType = sourcecode.swift; path = Camera.swift; sourceTree = "<group>"; };
		01069F3A1FC9BDC300DA9B98 /* MLManager.swift */ = {isa = PBXFileReference; lastKnownFileType = sourcecode.swift; path = MLManager.swift; sourceTree = "<group>"; };
		01069F3D1FC9C0CF00DA9B98 /* MobileNet.mlmodel */ = {isa = PBXFileReference; lastKnownFileType = file.mlmodel; path = MobileNet.mlmodel; sourceTree = "<group>"; };
		012027FC1FC91C87000D50C2 /* DalHackathon2017.app */ = {isa = PBXFileReference; explicitFileType = wrapper.application; includeInIndex = 0; path = DalHackathon2017.app; sourceTree = BUILT_PRODUCTS_DIR; };
		012027FF1FC91C87000D50C2 /* AppDelegate.swift */ = {isa = PBXFileReference; lastKnownFileType = sourcecode.swift; path = AppDelegate.swift; sourceTree = "<group>"; };
		012028011FC91C87000D50C2 /* CameraController.swift */ = {isa = PBXFileReference; lastKnownFileType = sourcecode.swift; path = CameraController.swift; sourceTree = "<group>"; };
		012028071FC91C87000D50C2 /* DalHackathon2017.xcdatamodel */ = {isa = PBXFileReference; lastKnownFileType = wrapper.xcdatamodel; path = DalHackathon2017.xcdatamodel; sourceTree = "<group>"; };
		012028091FC91C87000D50C2 /* Assets.xcassets */ = {isa = PBXFileReference; lastKnownFileType = folder.assetcatalog; path = Assets.xcassets; sourceTree = "<group>"; };
		0120280C1FC91C87000D50C2 /* Base */ = {isa = PBXFileReference; lastKnownFileType = file.storyboard; name = Base; path = Base.lproj/LaunchScreen.storyboard; sourceTree = "<group>"; };
		0120280E1FC91C87000D50C2 /* Info.plist */ = {isa = PBXFileReference; lastKnownFileType = text.plist.xml; path = Info.plist; sourceTree = "<group>"; };
		012028131FC91C87000D50C2 /* DalHackathon2017Tests.xctest */ = {isa = PBXFileReference; explicitFileType = wrapper.cfbundle; includeInIndex = 0; path = DalHackathon2017Tests.xctest; sourceTree = BUILT_PRODUCTS_DIR; };
		012028171FC91C87000D50C2 /* DalHackathon2017Tests.swift */ = {isa = PBXFileReference; lastKnownFileType = sourcecode.swift; path = DalHackathon2017Tests.swift; sourceTree = "<group>"; };
		012028191FC91C87000D50C2 /* Info.plist */ = {isa = PBXFileReference; lastKnownFileType = text.plist.xml; path = Info.plist; sourceTree = "<group>"; };
		0120281E1FC91C88000D50C2 /* DalHackathon2017UITests.xctest */ = {isa = PBXFileReference; explicitFileType = wrapper.cfbundle; includeInIndex = 0; path = DalHackathon2017UITests.xctest; sourceTree = BUILT_PRODUCTS_DIR; };
		012028221FC91C88000D50C2 /* DalHackathon2017UITests.swift */ = {isa = PBXFileReference; lastKnownFileType = sourcecode.swift; path = DalHackathon2017UITests.swift; sourceTree = "<group>"; };
		012028241FC91C88000D50C2 /* Info.plist */ = {isa = PBXFileReference; lastKnownFileType = text.plist.xml; path = Info.plist; sourceTree = "<group>"; };
/* End PBXFileReference section */

/* Begin PBXFrameworksBuildPhase section */
		012027F91FC91C87000D50C2 /* Frameworks */ = {
			isa = PBXFrameworksBuildPhase;
			buildActionMask = 2147483647;
			files = (
			);
			runOnlyForDeploymentPostprocessing = 0;
		};
		012028101FC91C87000D50C2 /* Frameworks */ = {
			isa = PBXFrameworksBuildPhase;
			buildActionMask = 2147483647;
			files = (
			);
			runOnlyForDeploymentPostprocessing = 0;
		};
		0120281B1FC91C88000D50C2 /* Frameworks */ = {
			isa = PBXFrameworksBuildPhase;
			buildActionMask = 2147483647;
			files = (
			);
			runOnlyForDeploymentPostprocessing = 0;
		};
/* End PBXFrameworksBuildPhase section */

/* Begin PBXGroup section */
		01069F3C1FC9C05500DA9B98 /* Managers */ = {
			isa = PBXGroup;
			children = (
				01069F3A1FC9BDC300DA9B98 /* MLManager.swift */,
			);
			path = Managers;
			sourceTree = "<group>";
		};
		012027F31FC91C87000D50C2 = {
			isa = PBXGroup;
			children = (
				012027FE1FC91C87000D50C2 /* DalHackathon2017 */,
				012028161FC91C87000D50C2 /* DalHackathon2017Tests */,
				012028211FC91C88000D50C2 /* DalHackathon2017UITests */,
				012027FD1FC91C87000D50C2 /* Products */,
			);
			sourceTree = "<group>";
		};
		012027FD1FC91C87000D50C2 /* Products */ = {
			isa = PBXGroup;
			children = (
				012027FC1FC91C87000D50C2 /* DalHackathon2017.app */,
				012028131FC91C87000D50C2 /* DalHackathon2017Tests.xctest */,
				0120281E1FC91C88000D50C2 /* DalHackathon2017UITests.xctest */,
			);
			name = Products;
			sourceTree = "<group>";
		};
		012027FE1FC91C87000D50C2 /* DalHackathon2017 */ = {
			isa = PBXGroup;
			children = (
				01069F3C1FC9C05500DA9B98 /* Managers */,
				012028341FC91CEE000D50C2 /* Views */,
				012028321FC91CE4000D50C2 /* Model */,
				012028311FC91CD9000D50C2 /* Controllers */,
				012028301FC91CCD000D50C2 /* Support */,
			);
			path = DalHackathon2017;
			sourceTree = "<group>";
		};
		012028161FC91C87000D50C2 /* DalHackathon2017Tests */ = {
			isa = PBXGroup;
			children = (
				012028171FC91C87000D50C2 /* DalHackathon2017Tests.swift */,
				012028191FC91C87000D50C2 /* Info.plist */,
			);
			path = DalHackathon2017Tests;
			sourceTree = "<group>";
		};
		012028211FC91C88000D50C2 /* DalHackathon2017UITests */ = {
			isa = PBXGroup;
			children = (
				012028221FC91C88000D50C2 /* DalHackathon2017UITests.swift */,
				012028241FC91C88000D50C2 /* Info.plist */,
			);
			path = DalHackathon2017UITests;
			sourceTree = "<group>";
		};
		012028301FC91CCD000D50C2 /* Support */ = {
			isa = PBXGroup;
			children = (
				01069F3D1FC9C0CF00DA9B98 /* MobileNet.mlmodel */,
				012028331FC91CE9000D50C2 /* Extensions */,
				012027FF1FC91C87000D50C2 /* AppDelegate.swift */,
				012028091FC91C87000D50C2 /* Assets.xcassets */,
				0120280B1FC91C87000D50C2 /* LaunchScreen.storyboard */,
				0120280E1FC91C87000D50C2 /* Info.plist */,
				012028061FC91C87000D50C2 /* DalHackathon2017.xcdatamodeld */,
			);
			path = Support;
			sourceTree = "<group>";
		};
		012028311FC91CD9000D50C2 /* Controllers */ = {
			isa = PBXGroup;
			children = (
				012028011FC91C87000D50C2 /* CameraController.swift */,
			);
			path = Controllers;
			sourceTree = "<group>";
		};
		012028321FC91CE4000D50C2 /* Model */ = {
			isa = PBXGroup;
			children = (
			);
			path = Model;
			sourceTree = "<group>";
		};
		012028331FC91CE9000D50C2 /* Extensions */ = {
			isa = PBXGroup;
			children = (
				01069F361FC9B70B00DA9B98 /* Extensions.swift */,
			);
			path = Extensions;
			sourceTree = "<group>";
		};
		012028341FC91CEE000D50C2 /* Views */ = {
			isa = PBXGroup;
			children = (
				01069F381FC9B84200DA9B98 /* Camera.swift */,
			);
			path = Views;
			sourceTree = "<group>";
		};
/* End PBXGroup section */

/* Begin PBXNativeTarget section */
		012027FB1FC91C87000D50C2 /* DalHackathon2017 */ = {
			isa = PBXNativeTarget;
			buildConfigurationList = 012028271FC91C88000D50C2 /* Build configuration list for PBXNativeTarget "DalHackathon2017" */;
			buildPhases = (
				012027F81FC91C87000D50C2 /* Sources */,
				012027F91FC91C87000D50C2 /* Frameworks */,
				012027FA1FC91C87000D50C2 /* Resources */,
			);
			buildRules = (
			);
			dependencies = (
			);
			name = DalHackathon2017;
			productName = DalHackathon2017;
			productReference = 012027FC1FC91C87000D50C2 /* DalHackathon2017.app */;
			productType = "com.apple.product-type.application";
		};
		012028121FC91C87000D50C2 /* DalHackathon2017Tests */ = {
			isa = PBXNativeTarget;
			buildConfigurationList = 0120282A1FC91C88000D50C2 /* Build configuration list for PBXNativeTarget "DalHackathon2017Tests" */;
			buildPhases = (
				0120280F1FC91C87000D50C2 /* Sources */,
				012028101FC91C87000D50C2 /* Frameworks */,
				012028111FC91C87000D50C2 /* Resources */,
			);
			buildRules = (
			);
			dependencies = (
				012028151FC91C87000D50C2 /* PBXTargetDependency */,
			);
			name = DalHackathon2017Tests;
			productName = DalHackathon2017Tests;
			productReference = 012028131FC91C87000D50C2 /* DalHackathon2017Tests.xctest */;
			productType = "com.apple.product-type.bundle.unit-test";
		};
		0120281D1FC91C88000D50C2 /* DalHackathon2017UITests */ = {
			isa = PBXNativeTarget;
			buildConfigurationList = 0120282D1FC91C88000D50C2 /* Build configuration list for PBXNativeTarget "DalHackathon2017UITests" */;
			buildPhases = (
				0120281A1FC91C88000D50C2 /* Sources */,
				0120281B1FC91C88000D50C2 /* Frameworks */,
				0120281C1FC91C88000D50C2 /* Resources */,
			);
			buildRules = (
			);
			dependencies = (
				012028201FC91C88000D50C2 /* PBXTargetDependency */,
			);
			name = DalHackathon2017UITests;
			productName = DalHackathon2017UITests;
			productReference = 0120281E1FC91C88000D50C2 /* DalHackathon2017UITests.xctest */;
			productType = "com.apple.product-type.bundle.ui-testing";
		};
/* End PBXNativeTarget section */

/* Begin PBXProject section */
		012027F41FC91C87000D50C2 /* Project object */ = {
			isa = PBXProject;
			attributes = {
				LastSwiftUpdateCheck = 0910;
				LastUpgradeCheck = 0910;
				ORGANIZATIONNAME = "Mack Boudreau";
				TargetAttributes = {
					012027FB1FC91C87000D50C2 = {
						CreatedOnToolsVersion = 9.1;
						ProvisioningStyle = Automatic;
					};
					012028121FC91C87000D50C2 = {
						CreatedOnToolsVersion = 9.1;
						ProvisioningStyle = Automatic;
						TestTargetID = 012027FB1FC91C87000D50C2;
					};
					0120281D1FC91C88000D50C2 = {
						CreatedOnToolsVersion = 9.1;
						ProvisioningStyle = Automatic;
						TestTargetID = 012027FB1FC91C87000D50C2;
					};
				};
			};
			buildConfigurationList = 012027F71FC91C87000D50C2 /* Build configuration list for PBXProject "DalHackathon2017" */;
			compatibilityVersion = "Xcode 8.0";
			developmentRegion = en;
			hasScannedForEncodings = 0;
			knownRegions = (
				en,
				Base,
			);
			mainGroup = 012027F31FC91C87000D50C2;
			productRefGroup = 012027FD1FC91C87000D50C2 /* Products */;
			projectDirPath = "";
			projectRoot = "";
			targets = (
				012027FB1FC91C87000D50C2 /* DalHackathon2017 */,
				012028121FC91C87000D50C2 /* DalHackathon2017Tests */,
				0120281D1FC91C88000D50C2 /* DalHackathon2017UITests */,
			);
		};
/* End PBXProject section */

/* Begin PBXResourcesBuildPhase section */
		012027FA1FC91C87000D50C2 /* Resources */ = {
			isa = PBXResourcesBuildPhase;
			buildActionMask = 2147483647;
			files = (
				0120280D1FC91C87000D50C2 /* LaunchScreen.storyboard in Resources */,
				0120280A1FC91C87000D50C2 /* Assets.xcassets in Resources */,
			);
			runOnlyForDeploymentPostprocessing = 0;
		};
		012028111FC91C87000D50C2 /* Resources */ = {
			isa = PBXResourcesBuildPhase;
			buildActionMask = 2147483647;
			files = (
			);
			runOnlyForDeploymentPostprocessing = 0;
		};
		0120281C1FC91C88000D50C2 /* Resources */ = {
			isa = PBXResourcesBuildPhase;
			buildActionMask = 2147483647;
			files = (
			);
			runOnlyForDeploymentPostprocessing = 0;
		};
/* End PBXResourcesBuildPhase section */

/* Begin PBXSourcesBuildPhase section */
		012027F81FC91C87000D50C2 /* Sources */ = {
			isa = PBXSourcesBuildPhase;
			buildActionMask = 2147483647;
			files = (
				01069F3B1FC9BDC300DA9B98 /* MLManager.swift in Sources */,
				012028021FC91C87000D50C2 /* CameraController.swift in Sources */,
				01069F391FC9B84200DA9B98 /* Camera.swift in Sources */,
				012028001FC91C87000D50C2 /* AppDelegate.swift in Sources */,
				01069F3E1FC9C0D000DA9B98 /* MobileNet.mlmodel in Sources */,
				012028081FC91C87000D50C2 /* DalHackathon2017.xcdatamodeld in Sources */,
				01069F371FC9B70B00DA9B98 /* Extensions.swift in Sources */,
			);
			runOnlyForDeploymentPostprocessing = 0;
		};
		0120280F1FC91C87000D50C2 /* Sources */ = {
			isa = PBXSourcesBuildPhase;
			buildActionMask = 2147483647;
			files = (
				012028181FC91C87000D50C2 /* DalHackathon2017Tests.swift in Sources */,
			);
			runOnlyForDeploymentPostprocessing = 0;
		};
		0120281A1FC91C88000D50C2 /* Sources */ = {
			isa = PBXSourcesBuildPhase;
			buildActionMask = 2147483647;
			files = (
				012028231FC91C88000D50C2 /* DalHackathon2017UITests.swift in Sources */,
			);
			runOnlyForDeploymentPostprocessing = 0;
		};
/* End PBXSourcesBuildPhase section */

/* Begin PBXTargetDependency section */
		012028151FC91C87000D50C2 /* PBXTargetDependency */ = {
			isa = PBXTargetDependency;
			target = 012027FB1FC91C87000D50C2 /* DalHackathon2017 */;
			targetProxy = 012028141FC91C87000D50C2 /* PBXContainerItemProxy */;
		};
		012028201FC91C88000D50C2 /* PBXTargetDependency */ = {
			isa = PBXTargetDependency;
			target = 012027FB1FC91C87000D50C2 /* DalHackathon2017 */;
			targetProxy = 0120281F1FC91C88000D50C2 /* PBXContainerItemProxy */;
		};
/* End PBXTargetDependency section */

/* Begin PBXVariantGroup section */
		0120280B1FC91C87000D50C2 /* LaunchScreen.storyboard */ = {
			isa = PBXVariantGroup;
			children = (
				0120280C1FC91C87000D50C2 /* Base */,
			);
			name = LaunchScreen.storyboard;
			sourceTree = "<group>";
		};
/* End PBXVariantGroup section */

/* Begin XCBuildConfiguration section */
		012028251FC91C88000D50C2 /* Debug */ = {
			isa = XCBuildConfiguration;
			buildSettings = {
				ALWAYS_SEARCH_USER_PATHS = NO;
				CLANG_ANALYZER_NONNULL = YES;
				CLANG_ANALYZER_NUMBER_OBJECT_CONVERSION = YES_AGGRESSIVE;
				CLANG_CXX_LANGUAGE_STANDARD = "gnu++14";
				CLANG_CXX_LIBRARY = "libc++";
				CLANG_ENABLE_MODULES = YES;
				CLANG_ENABLE_OBJC_ARC = YES;
				CLANG_WARN_BLOCK_CAPTURE_AUTORELEASING = YES;
				CLANG_WARN_BOOL_CONVERSION = YES;
				CLANG_WARN_COMMA = YES;
				CLANG_WARN_CONSTANT_CONVERSION = YES;
				CLANG_WARN_DIRECT_OBJC_ISA_USAGE = YES_ERROR;
				CLANG_WARN_DOCUMENTATION_COMMENTS = YES;
				CLANG_WARN_EMPTY_BODY = YES;
				CLANG_WARN_ENUM_CONVERSION = YES;
				CLANG_WARN_INFINITE_RECURSION = YES;
				CLANG_WARN_INT_CONVERSION = YES;
				CLANG_WARN_NON_LITERAL_NULL_CONVERSION = YES;
				CLANG_WARN_OBJC_LITERAL_CONVERSION = YES;
				CLANG_WARN_OBJC_ROOT_CLASS = YES_ERROR;
				CLANG_WARN_RANGE_LOOP_ANALYSIS = YES;
				CLANG_WARN_STRICT_PROTOTYPES = YES;
				CLANG_WARN_SUSPICIOUS_MOVE = YES;
				CLANG_WARN_UNGUARDED_AVAILABILITY = YES_AGGRESSIVE;
				CLANG_WARN_UNREACHABLE_CODE = YES;
				CLANG_WARN__DUPLICATE_METHOD_MATCH = YES;
				CODE_SIGN_IDENTITY = "iPhone Developer";
				COPY_PHASE_STRIP = NO;
				DEBUG_INFORMATION_FORMAT = dwarf;
				ENABLE_STRICT_OBJC_MSGSEND = YES;
				ENABLE_TESTABILITY = YES;
				GCC_C_LANGUAGE_STANDARD = gnu11;
				GCC_DYNAMIC_NO_PIC = NO;
				GCC_NO_COMMON_BLOCKS = YES;
				GCC_OPTIMIZATION_LEVEL = 0;
				GCC_PREPROCESSOR_DEFINITIONS = (
					"DEBUG=1",
					"$(inherited)",
				);
				GCC_WARN_64_TO_32_BIT_CONVERSION = YES;
				GCC_WARN_ABOUT_RETURN_TYPE = YES_ERROR;
				GCC_WARN_UNDECLARED_SELECTOR = YES;
				GCC_WARN_UNINITIALIZED_AUTOS = YES_AGGRESSIVE;
				GCC_WARN_UNUSED_FUNCTION = YES;
				GCC_WARN_UNUSED_VARIABLE = YES;
				IPHONEOS_DEPLOYMENT_TARGET = 11.1;
				MTL_ENABLE_DEBUG_INFO = YES;
				ONLY_ACTIVE_ARCH = YES;
				SDKROOT = iphoneos;
				SWIFT_ACTIVE_COMPILATION_CONDITIONS = DEBUG;
				SWIFT_OPTIMIZATION_LEVEL = "-Onone";
			};
			name = Debug;
		};
		012028261FC91C88000D50C2 /* Release */ = {
			isa = XCBuildConfiguration;
			buildSettings = {
				ALWAYS_SEARCH_USER_PATHS = NO;
				CLANG_ANALYZER_NONNULL = YES;
				CLANG_ANALYZER_NUMBER_OBJECT_CONVERSION = YES_AGGRESSIVE;
				CLANG_CXX_LANGUAGE_STANDARD = "gnu++14";
				CLANG_CXX_LIBRARY = "libc++";
				CLANG_ENABLE_MODULES = YES;
				CLANG_ENABLE_OBJC_ARC = YES;
				CLANG_WARN_BLOCK_CAPTURE_AUTORELEASING = YES;
				CLANG_WARN_BOOL_CONVERSION = YES;
				CLANG_WARN_COMMA = YES;
				CLANG_WARN_CONSTANT_CONVERSION = YES;
				CLANG_WARN_DIRECT_OBJC_ISA_USAGE = YES_ERROR;
				CLANG_WARN_DOCUMENTATION_COMMENTS = YES;
				CLANG_WARN_EMPTY_BODY = YES;
				CLANG_WARN_ENUM_CONVERSION = YES;
				CLANG_WARN_INFINITE_RECURSION = YES;
				CLANG_WARN_INT_CONVERSION = YES;
				CLANG_WARN_NON_LITERAL_NULL_CONVERSION = YES;
				CLANG_WARN_OBJC_LITERAL_CONVERSION = YES;
				CLANG_WARN_OBJC_ROOT_CLASS = YES_ERROR;
				CLANG_WARN_RANGE_LOOP_ANALYSIS = YES;
				CLANG_WARN_STRICT_PROTOTYPES = YES;
				CLANG_WARN_SUSPICIOUS_MOVE = YES;
				CLANG_WARN_UNGUARDED_AVAILABILITY = YES_AGGRESSIVE;
				CLANG_WARN_UNREACHABLE_CODE = YES;
				CLANG_WARN__DUPLICATE_METHOD_MATCH = YES;
				CODE_SIGN_IDENTITY = "iPhone Developer";
				COPY_PHASE_STRIP = NO;
				DEBUG_INFORMATION_FORMAT = "dwarf-with-dsym";
				ENABLE_NS_ASSERTIONS = NO;
				ENABLE_STRICT_OBJC_MSGSEND = YES;
				GCC_C_LANGUAGE_STANDARD = gnu11;
				GCC_NO_COMMON_BLOCKS = YES;
				GCC_WARN_64_TO_32_BIT_CONVERSION = YES;
				GCC_WARN_ABOUT_RETURN_TYPE = YES_ERROR;
				GCC_WARN_UNDECLARED_SELECTOR = YES;
				GCC_WARN_UNINITIALIZED_AUTOS = YES_AGGRESSIVE;
				GCC_WARN_UNUSED_FUNCTION = YES;
				GCC_WARN_UNUSED_VARIABLE = YES;
				IPHONEOS_DEPLOYMENT_TARGET = 11.1;
				MTL_ENABLE_DEBUG_INFO = NO;
				SDKROOT = iphoneos;
				SWIFT_OPTIMIZATION_LEVEL = "-Owholemodule";
				VALIDATE_PRODUCT = YES;
			};
			name = Release;
		};
		012028281FC91C88000D50C2 /* Debug */ = {
			isa = XCBuildConfiguration;
			buildSettings = {
				ASSETCATALOG_COMPILER_APPICON_NAME = AppIcon;
				CODE_SIGN_STYLE = Automatic;
<<<<<<< HEAD
=======
				DEVELOPMENT_TEAM = Z66795U7M4;
>>>>>>> 142160766b90b0731bda5ea32a75563d824fc091
				INFOPLIST_FILE = DalHackathon2017/Support/Info.plist;
				LD_RUNPATH_SEARCH_PATHS = "$(inherited) @executable_path/Frameworks";
				PRODUCT_BUNDLE_IDENTIFIER = com.mackboudreau.DalHackathon2017;
				PRODUCT_NAME = "$(TARGET_NAME)";
				SWIFT_VERSION = 4.0;
				TARGETED_DEVICE_FAMILY = "1,2";
			};
			name = Debug;
		};
		012028291FC91C88000D50C2 /* Release */ = {
			isa = XCBuildConfiguration;
			buildSettings = {
				ASSETCATALOG_COMPILER_APPICON_NAME = AppIcon;
				CODE_SIGN_STYLE = Automatic;
<<<<<<< HEAD
=======
				DEVELOPMENT_TEAM = Z66795U7M4;
>>>>>>> 142160766b90b0731bda5ea32a75563d824fc091
				INFOPLIST_FILE = DalHackathon2017/Support/Info.plist;
				LD_RUNPATH_SEARCH_PATHS = "$(inherited) @executable_path/Frameworks";
				PRODUCT_BUNDLE_IDENTIFIER = com.mackboudreau.DalHackathon2017;
				PRODUCT_NAME = "$(TARGET_NAME)";
				SWIFT_VERSION = 4.0;
				TARGETED_DEVICE_FAMILY = "1,2";
			};
			name = Release;
		};
		0120282B1FC91C88000D50C2 /* Debug */ = {
			isa = XCBuildConfiguration;
			buildSettings = {
				ALWAYS_EMBED_SWIFT_STANDARD_LIBRARIES = YES;
				BUNDLE_LOADER = "$(TEST_HOST)";
				CODE_SIGN_STYLE = Automatic;
				INFOPLIST_FILE = DalHackathon2017Tests/Info.plist;
				LD_RUNPATH_SEARCH_PATHS = "$(inherited) @executable_path/Frameworks @loader_path/Frameworks";
				PRODUCT_BUNDLE_IDENTIFIER = com.mackboudreau.DalHackathon2017Tests;
				PRODUCT_NAME = "$(TARGET_NAME)";
				SWIFT_VERSION = 4.0;
				TARGETED_DEVICE_FAMILY = "1,2";
				TEST_HOST = "$(BUILT_PRODUCTS_DIR)/DalHackathon2017.app/DalHackathon2017";
			};
			name = Debug;
		};
		0120282C1FC91C88000D50C2 /* Release */ = {
			isa = XCBuildConfiguration;
			buildSettings = {
				ALWAYS_EMBED_SWIFT_STANDARD_LIBRARIES = YES;
				BUNDLE_LOADER = "$(TEST_HOST)";
				CODE_SIGN_STYLE = Automatic;
				INFOPLIST_FILE = DalHackathon2017Tests/Info.plist;
				LD_RUNPATH_SEARCH_PATHS = "$(inherited) @executable_path/Frameworks @loader_path/Frameworks";
				PRODUCT_BUNDLE_IDENTIFIER = com.mackboudreau.DalHackathon2017Tests;
				PRODUCT_NAME = "$(TARGET_NAME)";
				SWIFT_VERSION = 4.0;
				TARGETED_DEVICE_FAMILY = "1,2";
				TEST_HOST = "$(BUILT_PRODUCTS_DIR)/DalHackathon2017.app/DalHackathon2017";
			};
			name = Release;
		};
		0120282E1FC91C88000D50C2 /* Debug */ = {
			isa = XCBuildConfiguration;
			buildSettings = {
				ALWAYS_EMBED_SWIFT_STANDARD_LIBRARIES = YES;
				CODE_SIGN_STYLE = Automatic;
				INFOPLIST_FILE = DalHackathon2017UITests/Info.plist;
				LD_RUNPATH_SEARCH_PATHS = "$(inherited) @executable_path/Frameworks @loader_path/Frameworks";
				PRODUCT_BUNDLE_IDENTIFIER = com.mackboudreau.DalHackathon2017UITests;
				PRODUCT_NAME = "$(TARGET_NAME)";
				SWIFT_VERSION = 4.0;
				TARGETED_DEVICE_FAMILY = "1,2";
				TEST_TARGET_NAME = DalHackathon2017;
			};
			name = Debug;
		};
		0120282F1FC91C88000D50C2 /* Release */ = {
			isa = XCBuildConfiguration;
			buildSettings = {
				ALWAYS_EMBED_SWIFT_STANDARD_LIBRARIES = YES;
				CODE_SIGN_STYLE = Automatic;
				INFOPLIST_FILE = DalHackathon2017UITests/Info.plist;
				LD_RUNPATH_SEARCH_PATHS = "$(inherited) @executable_path/Frameworks @loader_path/Frameworks";
				PRODUCT_BUNDLE_IDENTIFIER = com.mackboudreau.DalHackathon2017UITests;
				PRODUCT_NAME = "$(TARGET_NAME)";
				SWIFT_VERSION = 4.0;
				TARGETED_DEVICE_FAMILY = "1,2";
				TEST_TARGET_NAME = DalHackathon2017;
			};
			name = Release;
		};
/* End XCBuildConfiguration section */

/* Begin XCConfigurationList section */
		012027F71FC91C87000D50C2 /* Build configuration list for PBXProject "DalHackathon2017" */ = {
			isa = XCConfigurationList;
			buildConfigurations = (
				012028251FC91C88000D50C2 /* Debug */,
				012028261FC91C88000D50C2 /* Release */,
			);
			defaultConfigurationIsVisible = 0;
			defaultConfigurationName = Release;
		};
		012028271FC91C88000D50C2 /* Build configuration list for PBXNativeTarget "DalHackathon2017" */ = {
			isa = XCConfigurationList;
			buildConfigurations = (
				012028281FC91C88000D50C2 /* Debug */,
				012028291FC91C88000D50C2 /* Release */,
			);
			defaultConfigurationIsVisible = 0;
			defaultConfigurationName = Release;
		};
		0120282A1FC91C88000D50C2 /* Build configuration list for PBXNativeTarget "DalHackathon2017Tests" */ = {
			isa = XCConfigurationList;
			buildConfigurations = (
				0120282B1FC91C88000D50C2 /* Debug */,
				0120282C1FC91C88000D50C2 /* Release */,
			);
			defaultConfigurationIsVisible = 0;
			defaultConfigurationName = Release;
		};
		0120282D1FC91C88000D50C2 /* Build configuration list for PBXNativeTarget "DalHackathon2017UITests" */ = {
			isa = XCConfigurationList;
			buildConfigurations = (
				0120282E1FC91C88000D50C2 /* Debug */,
				0120282F1FC91C88000D50C2 /* Release */,
			);
			defaultConfigurationIsVisible = 0;
			defaultConfigurationName = Release;
		};
/* End XCConfigurationList section */

/* Begin XCVersionGroup section */
		012028061FC91C87000D50C2 /* DalHackathon2017.xcdatamodeld */ = {
			isa = XCVersionGroup;
			children = (
				012028071FC91C87000D50C2 /* DalHackathon2017.xcdatamodel */,
			);
			currentVersion = 012028071FC91C87000D50C2 /* DalHackathon2017.xcdatamodel */;
			path = DalHackathon2017.xcdatamodeld;
			sourceTree = "<group>";
			versionGroupType = wrapper.xcdatamodel;
		};
/* End XCVersionGroup section */
	};
	rootObject = 012027F41FC91C87000D50C2 /* Project object */;
}
